
Microsoft Visual Studio Solution File, Format Version 12.00
# Visual Studio Version 16
VisualStudioVersion = 16.0.31911.196
MinimumVisualStudioVersion = 10.0.40219.1
Project("{9A19103F-16F7-4668-BE54-9A1E7A4F7556}") = "ConsoleCalculator", "ConsoleCalculator\ConsoleCalculator.csproj", "{143475C0-C2CB-4A99-B471-81B39139D517}"
EndProject
Project("{9A19103F-16F7-4668-BE54-9A1E7A4F7556}") = "StringCalculator", "StringCalculator\StringCalculator.csproj", "{07617636-FBDB-466C-8589-DBAFD2ED60F0}"
EndProject
Project("{9A19103F-16F7-4668-BE54-9A1E7A4F7556}") = "ConsoleCalculator.Tests", "ConsoleCalculator.Tests\ConsoleCalculator.Tests.csproj", "{131C6D56-3C7C-4612-B268-7B781BC5C83D}"
EndProject
Project("{9A19103F-16F7-4668-BE54-9A1E7A4F7556}") = "StringCalculator.Tests", "StringCalculator.Tests\StringCalculator.Tests.csproj", "{4873858D-3685-41CA-8B06-8D96BE107890}"
EndProject
Global
	GlobalSection(SolutionConfigurationPlatforms) = preSolution
		Debug|Any CPU = Debug|Any CPU
		Release|Any CPU = Release|Any CPU
	EndGlobalSection
	GlobalSection(ProjectConfigurationPlatforms) = postSolution
		{143475C0-C2CB-4A99-B471-81B39139D517}.Debug|Any CPU.ActiveCfg = Debug|Any CPU
		{143475C0-C2CB-4A99-B471-81B39139D517}.Debug|Any CPU.Build.0 = Debug|Any CPU
		{143475C0-C2CB-4A99-B471-81B39139D517}.Release|Any CPU.ActiveCfg = Release|Any CPU
		{143475C0-C2CB-4A99-B471-81B39139D517}.Release|Any CPU.Build.0 = Release|Any CPU
		{07617636-FBDB-466C-8589-DBAFD2ED60F0}.Debug|Any CPU.ActiveCfg = Debug|Any CPU
		{07617636-FBDB-466C-8589-DBAFD2ED60F0}.Debug|Any CPU.Build.0 = Debug|Any CPU
		{07617636-FBDB-466C-8589-DBAFD2ED60F0}.Release|Any CPU.ActiveCfg = Release|Any CPU
		{07617636-FBDB-466C-8589-DBAFD2ED60F0}.Release|Any CPU.Build.0 = Release|Any CPU
		{131C6D56-3C7C-4612-B268-7B781BC5C83D}.Debug|Any CPU.ActiveCfg = Debug|Any CPU
		{131C6D56-3C7C-4612-B268-7B781BC5C83D}.Debug|Any CPU.Build.0 = Debug|Any CPU
		{131C6D56-3C7C-4612-B268-7B781BC5C83D}.Release|Any CPU.ActiveCfg = Release|Any CPU
		{131C6D56-3C7C-4612-B268-7B781BC5C83D}.Release|Any CPU.Build.0 = Release|Any CPU
		{4873858D-3685-41CA-8B06-8D96BE107890}.Debug|Any CPU.ActiveCfg = Debug|Any CPU
		{4873858D-3685-41CA-8B06-8D96BE107890}.Debug|Any CPU.Build.0 = Debug|Any CPU
		{4873858D-3685-41CA-8B06-8D96BE107890}.Release|Any CPU.ActiveCfg = Release|Any CPU
		{4873858D-3685-41CA-8B06-8D96BE107890}.Release|Any CPU.Build.0 = Release|Any CPU
	EndGlobalSection
	GlobalSection(SolutionProperties) = preSolution
		HideSolutionNode = FALSE
	EndGlobalSection
	GlobalSection(ExtensibilityGlobals) = postSolution
		SolutionGuid = {35363917-1458-48C4-9982-6A88FA7F2617}
	EndGlobalSection
EndGlobal
