
Microsoft Visual Studio Solution File, Format Version 12.00
# Visual Studio Version 16
VisualStudioVersion = 16.0.31911.196
MinimumVisualStudioVersion = 10.0.40219.1
Project("{2150E333-8FDC-42A3-9474-1A3956D46DE8}") = "src", "src", "{950DEABD-C1D5-47E8-984F-A1E94F087A70}"
EndProject
Project("{2150E333-8FDC-42A3-9474-1A3956D46DE8}") = "tests", "tests", "{1A7809FF-C2D9-4864-B4D0-8906FBE15BF5}"
EndProject
Project("{9A19103F-16F7-4668-BE54-9A1E7A4F7556}") = "StringCalculator", "src\StringCalculator\StringCalculator.csproj", "{58F2894F-24CF-40CB-A62B-8D8BE4A43CF6}"
EndProject
Project("{9A19103F-16F7-4668-BE54-9A1E7A4F7556}") = "StringCalculator.Tests", "tests\StringCalculator.Tests\StringCalculator.Tests.csproj", "{F3276F18-63C0-408A-902A-16A9B432199E}"
EndProject
Global
	GlobalSection(SolutionConfigurationPlatforms) = preSolution
		Debug|Any CPU = Debug|Any CPU
		Release|Any CPU = Release|Any CPU
	EndGlobalSection
	GlobalSection(ProjectConfigurationPlatforms) = postSolution
		{58F2894F-24CF-40CB-A62B-8D8BE4A43CF6}.Debug|Any CPU.ActiveCfg = Debug|Any CPU
		{58F2894F-24CF-40CB-A62B-8D8BE4A43CF6}.Debug|Any CPU.Build.0 = Debug|Any CPU
		{58F2894F-24CF-40CB-A62B-8D8BE4A43CF6}.Release|Any CPU.ActiveCfg = Release|Any CPU
		{58F2894F-24CF-40CB-A62B-8D8BE4A43CF6}.Release|Any CPU.Build.0 = Release|Any CPU
		{F3276F18-63C0-408A-902A-16A9B432199E}.Debug|Any CPU.ActiveCfg = Debug|Any CPU
		{F3276F18-63C0-408A-902A-16A9B432199E}.Debug|Any CPU.Build.0 = Debug|Any CPU
		{F3276F18-63C0-408A-902A-16A9B432199E}.Release|Any CPU.ActiveCfg = Release|Any CPU
		{F3276F18-63C0-408A-902A-16A9B432199E}.Release|Any CPU.Build.0 = Release|Any CPU
	EndGlobalSection
	GlobalSection(SolutionProperties) = preSolution
		HideSolutionNode = FALSE
	EndGlobalSection
	GlobalSection(NestedProjects) = preSolution
		{58F2894F-24CF-40CB-A62B-8D8BE4A43CF6} = {950DEABD-C1D5-47E8-984F-A1E94F087A70}
		{F3276F18-63C0-408A-902A-16A9B432199E} = {1A7809FF-C2D9-4864-B4D0-8906FBE15BF5}
	EndGlobalSection
	GlobalSection(ExtensibilityGlobals) = postSolution
		SolutionGuid = {35363917-1458-48C4-9982-6A88FA7F2617}
	EndGlobalSection
EndGlobal
