
Microsoft Visual Studio Solution File, Format Version 12.00
# Visual Studio Version 16
VisualStudioVersion = 16.0.31911.196
MinimumVisualStudioVersion = 10.0.40219.1
Project("{2150E333-8FDC-42A3-9474-1A3956D46DE8}") = "src", "src", "{950DEABD-C1D5-47E8-984F-A1E94F087A70}"
EndProject
Project("{2150E333-8FDC-42A3-9474-1A3956D46DE8}") = "tests", "tests", "{1A7809FF-C2D9-4864-B4D0-8906FBE15BF5}"
EndProject
Project("{9A19103F-16F7-4668-BE54-9A1E7A4F7556}") = "Task1.StringCalculator", "service\Task1.StringCalculator\Task1.StringCalculator.csproj", "{3A03E7CB-34EB-45FE-B225-C0AF97ABF0AE}"
EndProject
Project("{9A19103F-16F7-4668-BE54-9A1E7A4F7556}") = "Task1.StringCalculator.Test", "tests\Task1.StringCalculator.Test\Task1.StringCalculator.Test.csproj", "{7CE1B206-E11C-4B4A-8FC3-D5A4BDC6F728}"
EndProject
Global
	GlobalSection(SolutionConfigurationPlatforms) = preSolution
		Debug|Any CPU = Debug|Any CPU
		Release|Any CPU = Release|Any CPU
	EndGlobalSection
	GlobalSection(ProjectConfigurationPlatforms) = postSolution
		{3A03E7CB-34EB-45FE-B225-C0AF97ABF0AE}.Debug|Any CPU.ActiveCfg = Debug|Any CPU
		{3A03E7CB-34EB-45FE-B225-C0AF97ABF0AE}.Debug|Any CPU.Build.0 = Debug|Any CPU
		{3A03E7CB-34EB-45FE-B225-C0AF97ABF0AE}.Release|Any CPU.ActiveCfg = Release|Any CPU
		{3A03E7CB-34EB-45FE-B225-C0AF97ABF0AE}.Release|Any CPU.Build.0 = Release|Any CPU
		{7CE1B206-E11C-4B4A-8FC3-D5A4BDC6F728}.Debug|Any CPU.ActiveCfg = Debug|Any CPU
		{7CE1B206-E11C-4B4A-8FC3-D5A4BDC6F728}.Debug|Any CPU.Build.0 = Debug|Any CPU
		{7CE1B206-E11C-4B4A-8FC3-D5A4BDC6F728}.Release|Any CPU.ActiveCfg = Release|Any CPU
		{7CE1B206-E11C-4B4A-8FC3-D5A4BDC6F728}.Release|Any CPU.Build.0 = Release|Any CPU
	EndGlobalSection
	GlobalSection(SolutionProperties) = preSolution
		HideSolutionNode = FALSE
	EndGlobalSection
	GlobalSection(NestedProjects) = preSolution
		{3A03E7CB-34EB-45FE-B225-C0AF97ABF0AE} = {950DEABD-C1D5-47E8-984F-A1E94F087A70}
		{7CE1B206-E11C-4B4A-8FC3-D5A4BDC6F728} = {1A7809FF-C2D9-4864-B4D0-8906FBE15BF5}
	EndGlobalSection
	GlobalSection(ExtensibilityGlobals) = postSolution
		SolutionGuid = {35363917-1458-48C4-9982-6A88FA7F2617}
	EndGlobalSection
EndGlobal
